
Microsoft Visual Studio Solution File, Format Version 12.00
# Visual Studio Version 16
VisualStudioVersion = 16.0.31025.194
MinimumVisualStudioVersion = 10.0.40219.1
Project("{FAE04EC0-301F-11D3-BF4B-00C04F79EFBC}") = "CsvAuthenticator", "CsvAuthenticator.csproj", "{BFDD2150-E012-4026-AE77-983BA086D090}"
EndProject
Global
	GlobalSection(SolutionConfigurationPlatforms) = preSolution
		Debug|Any CPU = Debug|Any CPU
		Release|Any CPU = Release|Any CPU
	EndGlobalSection
	GlobalSection(ProjectConfigurationPlatforms) = postSolution
		{BFDD2150-E012-4026-AE77-983BA086D090}.Debug|Any CPU.ActiveCfg = Debug|Any CPU
		{BFDD2150-E012-4026-AE77-983BA086D090}.Debug|Any CPU.Build.0 = Debug|Any CPU
		{BFDD2150-E012-4026-AE77-983BA086D090}.Release|Any CPU.ActiveCfg = Release|Any CPU
		{BFDD2150-E012-4026-AE77-983BA086D090}.Release|Any CPU.Build.0 = Release|Any CPU
	EndGlobalSection
	GlobalSection(SolutionProperties) = preSolution
		HideSolutionNode = FALSE
	EndGlobalSection
	GlobalSection(ExtensibilityGlobals) = postSolution
		SolutionGuid = {F4AA33D6-3613-4432-8386-B8625C80CC4A}
	EndGlobalSection
EndGlobal
